// !$*UTF8*$!
{
	archiveVersion = 1;
	classes = {
	};
	objectVersion = 50;
	objects = {

/* Begin PBXBuildFile section */
		6311A99F23D41332005FA7CA /* AppDelegate.swift in Sources */ = {isa = PBXBuildFile; fileRef = 6311A99E23D41332005FA7CA /* AppDelegate.swift */; };
		6311A9A123D41332005FA7CA /* SceneDelegate.swift in Sources */ = {isa = PBXBuildFile; fileRef = 6311A9A023D41332005FA7CA /* SceneDelegate.swift */; };
		6311A9A323D41332005FA7CA /* ViewController.swift in Sources */ = {isa = PBXBuildFile; fileRef = 6311A9A223D41332005FA7CA /* ViewController.swift */; };
		6311A9A623D41332005FA7CA /* Main.storyboard in Resources */ = {isa = PBXBuildFile; fileRef = 6311A9A423D41332005FA7CA /* Main.storyboard */; };
		6311A9A823D41334005FA7CA /* Assets.xcassets in Resources */ = {isa = PBXBuildFile; fileRef = 6311A9A723D41334005FA7CA /* Assets.xcassets */; };
		6311A9AB23D41334005FA7CA /* LaunchScreen.storyboard in Resources */ = {isa = PBXBuildFile; fileRef = 6311A9A923D41334005FA7CA /* LaunchScreen.storyboard */; };
		6311A9B623D41334005FA7CA /* Angel_s_MadDemoTests.swift in Sources */ = {isa = PBXBuildFile; fileRef = 6311A9B523D41334005FA7CA /* Angel_s_MadDemoTests.swift */; };
		6311A9C123D41334005FA7CA /* Angel_s_MadDemoUITests.swift in Sources */ = {isa = PBXBuildFile; fileRef = 6311A9C023D41334005FA7CA /* Angel_s_MadDemoUITests.swift */; };
/* End PBXBuildFile section */

/* Begin PBXContainerItemProxy section */
		6311A9B223D41334005FA7CA /* PBXContainerItemProxy */ = {
			isa = PBXContainerItemProxy;
			containerPortal = 6311A99323D41332005FA7CA /* Project object */;
			proxyType = 1;
			remoteGlobalIDString = 6311A99A23D41332005FA7CA;
			remoteInfo = "Angel's MadDemo";
		};
		6311A9BD23D41334005FA7CA /* PBXContainerItemProxy */ = {
			isa = PBXContainerItemProxy;
			containerPortal = 6311A99323D41332005FA7CA /* Project object */;
			proxyType = 1;
			remoteGlobalIDString = 6311A99A23D41332005FA7CA;
			remoteInfo = "Angel's MadDemo";
		};
/* End PBXContainerItemProxy section */

/* Begin PBXFileReference section */
		6311A99B23D41332005FA7CA /* Angel's MadDemo.app */ = {isa = PBXFileReference; explicitFileType = wrapper.application; includeInIndex = 0; path = "Angel's MadDemo.app"; sourceTree = BUILT_PRODUCTS_DIR; };
		6311A99E23D41332005FA7CA /* AppDelegate.swift */ = {isa = PBXFileReference; lastKnownFileType = sourcecode.swift; path = AppDelegate.swift; sourceTree = "<group>"; };
		6311A9A023D41332005FA7CA /* SceneDelegate.swift */ = {isa = PBXFileReference; lastKnownFileType = sourcecode.swift; path = SceneDelegate.swift; sourceTree = "<group>"; };
		6311A9A223D41332005FA7CA /* ViewController.swift */ = {isa = PBXFileReference; lastKnownFileType = sourcecode.swift; path = ViewController.swift; sourceTree = "<group>"; };
		6311A9A523D41332005FA7CA /* Base */ = {isa = PBXFileReference; lastKnownFileType = file.storyboard; name = Base; path = Base.lproj/Main.storyboard; sourceTree = "<group>"; };
		6311A9A723D41334005FA7CA /* Assets.xcassets */ = {isa = PBXFileReference; lastKnownFileType = folder.assetcatalog; path = Assets.xcassets; sourceTree = "<group>"; };
		6311A9AA23D41334005FA7CA /* Base */ = {isa = PBXFileReference; lastKnownFileType = file.storyboard; name = Base; path = Base.lproj/LaunchScreen.storyboard; sourceTree = "<group>"; };
		6311A9AC23D41334005FA7CA /* Info.plist */ = {isa = PBXFileReference; lastKnownFileType = text.plist.xml; path = Info.plist; sourceTree = "<group>"; };
		6311A9B123D41334005FA7CA /* Angel's MadDemoTests.xctest */ = {isa = PBXFileReference; explicitFileType = wrapper.cfbundle; includeInIndex = 0; path = "Angel's MadDemoTests.xctest"; sourceTree = BUILT_PRODUCTS_DIR; };
		6311A9B523D41334005FA7CA /* Angel_s_MadDemoTests.swift */ = {isa = PBXFileReference; lastKnownFileType = sourcecode.swift; path = Angel_s_MadDemoTests.swift; sourceTree = "<group>"; };
		6311A9B723D41334005FA7CA /* Info.plist */ = {isa = PBXFileReference; lastKnownFileType = text.plist.xml; path = Info.plist; sourceTree = "<group>"; };
		6311A9BC23D41334005FA7CA /* Angel's MadDemoUITests.xctest */ = {isa = PBXFileReference; explicitFileType = wrapper.cfbundle; includeInIndex = 0; path = "Angel's MadDemoUITests.xctest"; sourceTree = BUILT_PRODUCTS_DIR; };
		6311A9C023D41334005FA7CA /* Angel_s_MadDemoUITests.swift */ = {isa = PBXFileReference; lastKnownFileType = sourcecode.swift; path = Angel_s_MadDemoUITests.swift; sourceTree = "<group>"; };
		6311A9C223D41334005FA7CA /* Info.plist */ = {isa = PBXFileReference; lastKnownFileType = text.plist.xml; path = Info.plist; sourceTree = "<group>"; };
/* End PBXFileReference section */

/* Begin PBXFrameworksBuildPhase section */
		6311A99823D41332005FA7CA /* Frameworks */ = {
			isa = PBXFrameworksBuildPhase;
			buildActionMask = 2147483647;
			files = (
			);
			runOnlyForDeploymentPostprocessing = 0;
		};
		6311A9AE23D41334005FA7CA /* Frameworks */ = {
			isa = PBXFrameworksBuildPhase;
			buildActionMask = 2147483647;
			files = (
			);
			runOnlyForDeploymentPostprocessing = 0;
		};
		6311A9B923D41334005FA7CA /* Frameworks */ = {
			isa = PBXFrameworksBuildPhase;
			buildActionMask = 2147483647;
			files = (
			);
			runOnlyForDeploymentPostprocessing = 0;
		};
/* End PBXFrameworksBuildPhase section */

/* Begin PBXGroup section */
		6311A99223D41332005FA7CA = {
			isa = PBXGroup;
			children = (
				6311A99D23D41332005FA7CA /* Angel's MadDemo */,
				6311A9B423D41334005FA7CA /* Angel's MadDemoTests */,
				6311A9BF23D41334005FA7CA /* Angel's MadDemoUITests */,
				6311A99C23D41332005FA7CA /* Products */,
			);
			sourceTree = "<group>";
		};
		6311A99C23D41332005FA7CA /* Products */ = {
			isa = PBXGroup;
			children = (
				6311A99B23D41332005FA7CA /* Angel's MadDemo.app */,
				6311A9B123D41334005FA7CA /* Angel's MadDemoTests.xctest */,
				6311A9BC23D41334005FA7CA /* Angel's MadDemoUITests.xctest */,
			);
			name = Products;
			sourceTree = "<group>";
		};
		6311A99D23D41332005FA7CA /* Angel's MadDemo */ = {
			isa = PBXGroup;
			children = (
				6311A99E23D41332005FA7CA /* AppDelegate.swift */,
				6311A9A023D41332005FA7CA /* SceneDelegate.swift */,
				6311A9A223D41332005FA7CA /* ViewController.swift */,
				6311A9A423D41332005FA7CA /* Main.storyboard */,
				6311A9A723D41334005FA7CA /* Assets.xcassets */,
				6311A9A923D41334005FA7CA /* LaunchScreen.storyboard */,
				6311A9AC23D41334005FA7CA /* Info.plist */,
			);
			path = "Angel's MadDemo";
			sourceTree = "<group>";
		};
		6311A9B423D41334005FA7CA /* Angel's MadDemoTests */ = {
			isa = PBXGroup;
			children = (
				6311A9B523D41334005FA7CA /* Angel_s_MadDemoTests.swift */,
				6311A9B723D41334005FA7CA /* Info.plist */,
			);
			path = "Angel's MadDemoTests";
			sourceTree = "<group>";
		};
		6311A9BF23D41334005FA7CA /* Angel's MadDemoUITests */ = {
			isa = PBXGroup;
			children = (
				6311A9C023D41334005FA7CA /* Angel_s_MadDemoUITests.swift */,
				6311A9C223D41334005FA7CA /* Info.plist */,
			);
			path = "Angel's MadDemoUITests";
			sourceTree = "<group>";
		};
/* End PBXGroup section */

/* Begin PBXNativeTarget section */
		6311A99A23D41332005FA7CA /* Angel's MadDemo */ = {
			isa = PBXNativeTarget;
			buildConfigurationList = 6311A9C523D41334005FA7CA /* Build configuration list for PBXNativeTarget "Angel's MadDemo" */;
			buildPhases = (
				6311A99723D41332005FA7CA /* Sources */,
				6311A99823D41332005FA7CA /* Frameworks */,
				6311A99923D41332005FA7CA /* Resources */,
			);
			buildRules = (
			);
			dependencies = (
			);
			name = "Angel's MadDemo";
			productName = "Angel's MadDemo";
			productReference = 6311A99B23D41332005FA7CA /* Angel's MadDemo.app */;
			productType = "com.apple.product-type.application";
		};
		6311A9B023D41334005FA7CA /* Angel's MadDemoTests */ = {
			isa = PBXNativeTarget;
			buildConfigurationList = 6311A9C823D41334005FA7CA /* Build configuration list for PBXNativeTarget "Angel's MadDemoTests" */;
			buildPhases = (
				6311A9AD23D41334005FA7CA /* Sources */,
				6311A9AE23D41334005FA7CA /* Frameworks */,
				6311A9AF23D41334005FA7CA /* Resources */,
			);
			buildRules = (
			);
			dependencies = (
				6311A9B323D41334005FA7CA /* PBXTargetDependency */,
			);
			name = "Angel's MadDemoTests";
			productName = "Angel's MadDemoTests";
			productReference = 6311A9B123D41334005FA7CA /* Angel's MadDemoTests.xctest */;
			productType = "com.apple.product-type.bundle.unit-test";
		};
		6311A9BB23D41334005FA7CA /* Angel's MadDemoUITests */ = {
			isa = PBXNativeTarget;
			buildConfigurationList = 6311A9CB23D41334005FA7CA /* Build configuration list for PBXNativeTarget "Angel's MadDemoUITests" */;
			buildPhases = (
				6311A9B823D41334005FA7CA /* Sources */,
				6311A9B923D41334005FA7CA /* Frameworks */,
				6311A9BA23D41334005FA7CA /* Resources */,
			);
			buildRules = (
			);
			dependencies = (
				6311A9BE23D41334005FA7CA /* PBXTargetDependency */,
			);
			name = "Angel's MadDemoUITests";
			productName = "Angel's MadDemoUITests";
			productReference = 6311A9BC23D41334005FA7CA /* Angel's MadDemoUITests.xctest */;
			productType = "com.apple.product-type.bundle.ui-testing";
		};
/* End PBXNativeTarget section */

/* Begin PBXProject section */
		6311A99323D41332005FA7CA /* Project object */ = {
			isa = PBXProject;
			attributes = {
				LastSwiftUpdateCheck = 1130;
				LastUpgradeCheck = 1130;
				ORGANIZATIONNAME = "Angel Velazquez";
				TargetAttributes = {
					6311A99A23D41332005FA7CA = {
						CreatedOnToolsVersion = 11.3.1;
					};
					6311A9B023D41334005FA7CA = {
						CreatedOnToolsVersion = 11.3.1;
						TestTargetID = 6311A99A23D41332005FA7CA;
					};
					6311A9BB23D41334005FA7CA = {
						CreatedOnToolsVersion = 11.3.1;
						TestTargetID = 6311A99A23D41332005FA7CA;
					};
				};
			};
			buildConfigurationList = 6311A99623D41332005FA7CA /* Build configuration list for PBXProject "Angel's MadDemo" */;
			compatibilityVersion = "Xcode 9.3";
			developmentRegion = en;
			hasScannedForEncodings = 0;
			knownRegions = (
				en,
				Base,
			);
			mainGroup = 6311A99223D41332005FA7CA;
			productRefGroup = 6311A99C23D41332005FA7CA /* Products */;
			projectDirPath = "";
			projectRoot = "";
			targets = (
				6311A99A23D41332005FA7CA /* Angel's MadDemo */,
				6311A9B023D41334005FA7CA /* Angel's MadDemoTests */,
				6311A9BB23D41334005FA7CA /* Angel's MadDemoUITests */,
			);
		};
/* End PBXProject section */

/* Begin PBXResourcesBuildPhase section */
		6311A99923D41332005FA7CA /* Resources */ = {
			isa = PBXResourcesBuildPhase;
			buildActionMask = 2147483647;
			files = (
				6311A9AB23D41334005FA7CA /* LaunchScreen.storyboard in Resources */,
				6311A9A823D41334005FA7CA /* Assets.xcassets in Resources */,
				6311A9A623D41332005FA7CA /* Main.storyboard in Resources */,
			);
			runOnlyForDeploymentPostprocessing = 0;
		};
		6311A9AF23D41334005FA7CA /* Resources */ = {
			isa = PBXResourcesBuildPhase;
			buildActionMask = 2147483647;
			files = (
			);
			runOnlyForDeploymentPostprocessing = 0;
		};
		6311A9BA23D41334005FA7CA /* Resources */ = {
			isa = PBXResourcesBuildPhase;
			buildActionMask = 2147483647;
			files = (
			);
			runOnlyForDeploymentPostprocessing = 0;
		};
/* End PBXResourcesBuildPhase section */

/* Begin PBXSourcesBuildPhase section */
		6311A99723D41332005FA7CA /* Sources */ = {
			isa = PBXSourcesBuildPhase;
			buildActionMask = 2147483647;
			files = (
				6311A9A323D41332005FA7CA /* ViewController.swift in Sources */,
				6311A99F23D41332005FA7CA /* AppDelegate.swift in Sources */,
				6311A9A123D41332005FA7CA /* SceneDelegate.swift in Sources */,
			);
			runOnlyForDeploymentPostprocessing = 0;
		};
		6311A9AD23D41334005FA7CA /* Sources */ = {
			isa = PBXSourcesBuildPhase;
			buildActionMask = 2147483647;
			files = (
				6311A9B623D41334005FA7CA /* Angel_s_MadDemoTests.swift in Sources */,
			);
			runOnlyForDeploymentPostprocessing = 0;
		};
		6311A9B823D41334005FA7CA /* Sources */ = {
			isa = PBXSourcesBuildPhase;
			buildActionMask = 2147483647;
			files = (
				6311A9C123D41334005FA7CA /* Angel_s_MadDemoUITests.swift in Sources */,
			);
			runOnlyForDeploymentPostprocessing = 0;
		};
/* End PBXSourcesBuildPhase section */

/* Begin PBXTargetDependency section */
		6311A9B323D41334005FA7CA /* PBXTargetDependency */ = {
			isa = PBXTargetDependency;
			target = 6311A99A23D41332005FA7CA /* Angel's MadDemo */;
			targetProxy = 6311A9B223D41334005FA7CA /* PBXContainerItemProxy */;
		};
		6311A9BE23D41334005FA7CA /* PBXTargetDependency */ = {
			isa = PBXTargetDependency;
			target = 6311A99A23D41332005FA7CA /* Angel's MadDemo */;
			targetProxy = 6311A9BD23D41334005FA7CA /* PBXContainerItemProxy */;
		};
/* End PBXTargetDependency section */

/* Begin PBXVariantGroup section */
		6311A9A423D41332005FA7CA /* Main.storyboard */ = {
			isa = PBXVariantGroup;
			children = (
				6311A9A523D41332005FA7CA /* Base */,
			);
			name = Main.storyboard;
			sourceTree = "<group>";
		};
		6311A9A923D41334005FA7CA /* LaunchScreen.storyboard */ = {
			isa = PBXVariantGroup;
			children = (
				6311A9AA23D41334005FA7CA /* Base */,
			);
			name = LaunchScreen.storyboard;
			sourceTree = "<group>";
		};
/* End PBXVariantGroup section */

/* Begin XCBuildConfiguration section */
		6311A9C323D41334005FA7CA /* Debug */ = {
			isa = XCBuildConfiguration;
			buildSettings = {
				ALWAYS_SEARCH_USER_PATHS = NO;
				CLANG_ANALYZER_NONNULL = YES;
				CLANG_ANALYZER_NUMBER_OBJECT_CONVERSION = YES_AGGRESSIVE;
				CLANG_CXX_LANGUAGE_STANDARD = "gnu++14";
				CLANG_CXX_LIBRARY = "libc++";
				CLANG_ENABLE_MODULES = YES;
				CLANG_ENABLE_OBJC_ARC = YES;
				CLANG_ENABLE_OBJC_WEAK = YES;
				CLANG_WARN_BLOCK_CAPTURE_AUTORELEASING = YES;
				CLANG_WARN_BOOL_CONVERSION = YES;
				CLANG_WARN_COMMA = YES;
				CLANG_WARN_CONSTANT_CONVERSION = YES;
				CLANG_WARN_DEPRECATED_OBJC_IMPLEMENTATIONS = YES;
				CLANG_WARN_DIRECT_OBJC_ISA_USAGE = YES_ERROR;
				CLANG_WARN_DOCUMENTATION_COMMENTS = YES;
				CLANG_WARN_EMPTY_BODY = YES;
				CLANG_WARN_ENUM_CONVERSION = YES;
				CLANG_WARN_INFINITE_RECURSION = YES;
				CLANG_WARN_INT_CONVERSION = YES;
				CLANG_WARN_NON_LITERAL_NULL_CONVERSION = YES;
				CLANG_WARN_OBJC_IMPLICIT_RETAIN_SELF = YES;
				CLANG_WARN_OBJC_LITERAL_CONVERSION = YES;
				CLANG_WARN_OBJC_ROOT_CLASS = YES_ERROR;
				CLANG_WARN_RANGE_LOOP_ANALYSIS = YES;
				CLANG_WARN_STRICT_PROTOTYPES = YES;
				CLANG_WARN_SUSPICIOUS_MOVE = YES;
				CLANG_WARN_UNGUARDED_AVAILABILITY = YES_AGGRESSIVE;
				CLANG_WARN_UNREACHABLE_CODE = YES;
				CLANG_WARN__DUPLICATE_METHOD_MATCH = YES;
				COPY_PHASE_STRIP = NO;
				DEBUG_INFORMATION_FORMAT = dwarf;
				ENABLE_STRICT_OBJC_MSGSEND = YES;
				ENABLE_TESTABILITY = YES;
				GCC_C_LANGUAGE_STANDARD = gnu11;
				GCC_DYNAMIC_NO_PIC = NO;
				GCC_NO_COMMON_BLOCKS = YES;
				GCC_OPTIMIZATION_LEVEL = 0;
				GCC_PREPROCESSOR_DEFINITIONS = (
					"DEBUG=1",
					"$(inherited)",
				);
				GCC_WARN_64_TO_32_BIT_CONVERSION = YES;
				GCC_WARN_ABOUT_RETURN_TYPE = YES_ERROR;
				GCC_WARN_UNDECLARED_SELECTOR = YES;
				GCC_WARN_UNINITIALIZED_AUTOS = YES_AGGRESSIVE;
				GCC_WARN_UNUSED_FUNCTION = YES;
				GCC_WARN_UNUSED_VARIABLE = YES;
				IPHONEOS_DEPLOYMENT_TARGET = 13.2;
				MTL_ENABLE_DEBUG_INFO = INCLUDE_SOURCE;
				MTL_FAST_MATH = YES;
				ONLY_ACTIVE_ARCH = YES;
				SDKROOT = iphoneos;
				SWIFT_ACTIVE_COMPILATION_CONDITIONS = DEBUG;
				SWIFT_OPTIMIZATION_LEVEL = "-Onone";
			};
			name = Debug;
		};
		6311A9C423D41334005FA7CA /* Release */ = {
			isa = XCBuildConfiguration;
			buildSettings = {
				ALWAYS_SEARCH_USER_PATHS = NO;
				CLANG_ANALYZER_NONNULL = YES;
				CLANG_ANALYZER_NUMBER_OBJECT_CONVERSION = YES_AGGRESSIVE;
				CLANG_CXX_LANGUAGE_STANDARD = "gnu++14";
				CLANG_CXX_LIBRARY = "libc++";
				CLANG_ENABLE_MODULES = YES;
				CLANG_ENABLE_OBJC_ARC = YES;
				CLANG_ENABLE_OBJC_WEAK = YES;
				CLANG_WARN_BLOCK_CAPTURE_AUTORELEASING = YES;
				CLANG_WARN_BOOL_CONVERSION = YES;
				CLANG_WARN_COMMA = YES;
				CLANG_WARN_CONSTANT_CONVERSION = YES;
				CLANG_WARN_DEPRECATED_OBJC_IMPLEMENTATIONS = YES;
				CLANG_WARN_DIRECT_OBJC_ISA_USAGE = YES_ERROR;
				CLANG_WARN_DOCUMENTATION_COMMENTS = YES;
				CLANG_WARN_EMPTY_BODY = YES;
				CLANG_WARN_ENUM_CONVERSION = YES;
				CLANG_WARN_INFINITE_RECURSION = YES;
				CLANG_WARN_INT_CONVERSION = YES;
				CLANG_WARN_NON_LITERAL_NULL_CONVERSION = YES;
				CLANG_WARN_OBJC_IMPLICIT_RETAIN_SELF = YES;
				CLANG_WARN_OBJC_LITERAL_CONVERSION = YES;
				CLANG_WARN_OBJC_ROOT_CLASS = YES_ERROR;
				CLANG_WARN_RANGE_LOOP_ANALYSIS = YES;
				CLANG_WARN_STRICT_PROTOTYPES = YES;
				CLANG_WARN_SUSPICIOUS_MOVE = YES;
				CLANG_WARN_UNGUARDED_AVAILABILITY = YES_AGGRESSIVE;
				CLANG_WARN_UNREACHABLE_CODE = YES;
				CLANG_WARN__DUPLICATE_METHOD_MATCH = YES;
				COPY_PHASE_STRIP = NO;
				DEBUG_INFORMATION_FORMAT = "dwarf-with-dsym";
				ENABLE_NS_ASSERTIONS = NO;
				ENABLE_STRICT_OBJC_MSGSEND = YES;
				GCC_C_LANGUAGE_STANDARD = gnu11;
				GCC_NO_COMMON_BLOCKS = YES;
				GCC_WARN_64_TO_32_BIT_CONVERSION = YES;
				GCC_WARN_ABOUT_RETURN_TYPE = YES_ERROR;
				GCC_WARN_UNDECLARED_SELECTOR = YES;
				GCC_WARN_UNINITIALIZED_AUTOS = YES_AGGRESSIVE;
				GCC_WARN_UNUSED_FUNCTION = YES;
				GCC_WARN_UNUSED_VARIABLE = YES;
				IPHONEOS_DEPLOYMENT_TARGET = 13.2;
				MTL_ENABLE_DEBUG_INFO = NO;
				MTL_FAST_MATH = YES;
				SDKROOT = iphoneos;
				SWIFT_COMPILATION_MODE = wholemodule;
				SWIFT_OPTIMIZATION_LEVEL = "-O";
				VALIDATE_PRODUCT = YES;
			};
			name = Release;
		};
		6311A9C623D41334005FA7CA /* Debug */ = {
			isa = XCBuildConfiguration;
			buildSettings = {
				ASSETCATALOG_COMPILER_APPICON_NAME = AppIcon;
				CODE_SIGN_STYLE = Automatic;
				INFOPLIST_FILE = "Angel's MadDemo/Info.plist";
				LD_RUNPATH_SEARCH_PATHS = (
					"$(inherited)",
					"@executable_path/Frameworks",
				);
				PRODUCT_BUNDLE_IDENTIFIER = "com.Angel.Angel-s-MadDemo";
				PRODUCT_NAME = "$(TARGET_NAME)";
				SWIFT_VERSION = 5.0;
				TARGETED_DEVICE_FAMILY = "1,2";
			};
			name = Debug;
		};
		6311A9C723D41334005FA7CA /* Release */ = {
			isa = XCBuildConfiguration;
			buildSettings = {
				ASSETCATALOG_COMPILER_APPICON_NAME = AppIcon;
				CODE_SIGN_STYLE = Automatic;
				INFOPLIST_FILE = "Angel's MadDemo/Info.plist";
				LD_RUNPATH_SEARCH_PATHS = (
					"$(inherited)",
					"@executable_path/Frameworks",
				);
				PRODUCT_BUNDLE_IDENTIFIER = "com.Angel.Angel-s-MadDemo";
				PRODUCT_NAME = "$(TARGET_NAME)";
				SWIFT_VERSION = 5.0;
				TARGETED_DEVICE_FAMILY = "1,2";
			};
			name = Release;
		};
		6311A9C923D41334005FA7CA /* Debug */ = {
			isa = XCBuildConfiguration;
			buildSettings = {
				ALWAYS_EMBED_SWIFT_STANDARD_LIBRARIES = YES;
				BUNDLE_LOADER = "$(TEST_HOST)";
				CODE_SIGN_STYLE = Automatic;
				INFOPLIST_FILE = "Angel's MadDemoTests/Info.plist";
				IPHONEOS_DEPLOYMENT_TARGET = 13.2;
				LD_RUNPATH_SEARCH_PATHS = (
					"$(inherited)",
					"@executable_path/Frameworks",
					"@loader_path/Frameworks",
				);
				PRODUCT_BUNDLE_IDENTIFIER = "com.Angel.Angel-s-MadDemoTests";
				PRODUCT_NAME = "$(TARGET_NAME)";
				SWIFT_VERSION = 5.0;
				TARGETED_DEVICE_FAMILY = "1,2";
				TEST_HOST = "$(BUILT_PRODUCTS_DIR)/Angel's MadDemo.app/Angel's MadDemo";
			};
			name = Debug;
		};
		6311A9CA23D41334005FA7CA /* Release */ = {
			isa = XCBuildConfiguration;
			buildSettings = {
				ALWAYS_EMBED_SWIFT_STANDARD_LIBRARIES = YES;
				BUNDLE_LOADER = "$(TEST_HOST)";
				CODE_SIGN_STYLE = Automatic;
				INFOPLIST_FILE = "Angel's MadDemoTests/Info.plist";
				IPHONEOS_DEPLOYMENT_TARGET = 13.2;
				LD_RUNPATH_SEARCH_PATHS = (
					"$(inherited)",
					"@executable_path/Frameworks",
					"@loader_path/Frameworks",
				);
				PRODUCT_BUNDLE_IDENTIFIER = "com.Angel.Angel-s-MadDemoTests";
				PRODUCT_NAME = "$(TARGET_NAME)";
				SWIFT_VERSION = 5.0;
				TARGETED_DEVICE_FAMILY = "1,2";
				TEST_HOST = "$(BUILT_PRODUCTS_DIR)/Angel's MadDemo.app/Angel's MadDemo";
			};
			name = Release;
		};
		6311A9CC23D41334005FA7CA /* Debug */ = {
			isa = XCBuildConfiguration;
			buildSettings = {
				ALWAYS_EMBED_SWIFT_STANDARD_LIBRARIES = YES;
				CODE_SIGN_STYLE = Automatic;
				INFOPLIST_FILE = "Angel's MadDemoUITests/Info.plist";
				LD_RUNPATH_SEARCH_PATHS = (
					"$(inherited)",
					"@executable_path/Frameworks",
					"@loader_path/Frameworks",
				);
				PRODUCT_BUNDLE_IDENTIFIER = "com.Angel.Angel-s-MadDemoUITests";
				PRODUCT_NAME = "$(TARGET_NAME)";
				SWIFT_VERSION = 5.0;
				TARGETED_DEVICE_FAMILY = "1,2";
				TEST_TARGET_NAME = "Angel's MadDemo";
			};
			name = Debug;
		};
		6311A9CD23D41334005FA7CA /* Release */ = {
			isa = XCBuildConfiguration;
			buildSettings = {
				ALWAYS_EMBED_SWIFT_STANDARD_LIBRARIES = YES;
				CODE_SIGN_STYLE = Automatic;
				INFOPLIST_FILE = "Angel's MadDemoUITests/Info.plist";
				LD_RUNPATH_SEARCH_PATHS = (
					"$(inherited)",
					"@executable_path/Frameworks",
					"@loader_path/Frameworks",
				);
				PRODUCT_BUNDLE_IDENTIFIER = "com.Angel.Angel-s-MadDemoUITests";
				PRODUCT_NAME = "$(TARGET_NAME)";
				SWIFT_VERSION = 5.0;
				TARGETED_DEVICE_FAMILY = "1,2";
				TEST_TARGET_NAME = "Angel's MadDemo";
			};
			name = Release;
		};
/* End XCBuildConfiguration section */

/* Begin XCConfigurationList section */
		6311A99623D41332005FA7CA /* Build configuration list for PBXProject "Angel's MadDemo" */ = {
			isa = XCConfigurationList;
			buildConfigurations = (
				6311A9C323D41334005FA7CA /* Debug */,
				6311A9C423D41334005FA7CA /* Release */,
			);
			defaultConfigurationIsVisible = 0;
			defaultConfigurationName = Release;
		};
		6311A9C523D41334005FA7CA /* Build configuration list for PBXNativeTarget "Angel's MadDemo" */ = {
			isa = XCConfigurationList;
			buildConfigurations = (
				6311A9C623D41334005FA7CA /* Debug */,
				6311A9C723D41334005FA7CA /* Release */,
			);
			defaultConfigurationIsVisible = 0;
			defaultConfigurationName = Release;
		};
		6311A9C823D41334005FA7CA /* Build configuration list for PBXNativeTarget "Angel's MadDemoTests" */ = {
			isa = XCConfigurationList;
			buildConfigurations = (
				6311A9C923D41334005FA7CA /* Debug */,
				6311A9CA23D41334005FA7CA /* Release */,
			);
			defaultConfigurationIsVisible = 0;
			defaultConfigurationName = Release;
		};
		6311A9CB23D41334005FA7CA /* Build configuration list for PBXNativeTarget "Angel's MadDemoUITests" */ = {
			isa = XCConfigurationList;
			buildConfigurations = (
				6311A9CC23D41334005FA7CA /* Debug */,
				6311A9CD23D41334005FA7CA /* Release */,
			);
			defaultConfigurationIsVisible = 0;
			defaultConfigurationName = Release;
		};
/* End XCConfigurationList section */
	};
	rootObject = 6311A99323D41332005FA7CA /* Project object */;
}
